<?xml version="1.0" encoding="UTF-8" standalone="yes" ?>
<CodeBlocks_project_file>
	<FileVersion major="1" minor="6" />
	<Project>
		<Option title="tcc" />
		<Option pch_mode="2" />
		<Option compiler="gcc" />
		<Build>
			<Target title="Debug">
				<Option output="bin/Debug/tcc" prefix_auto="1" extension_auto="1" />
				<Option object_output="obj/Debug/" />
				<Option type="1" />
				<Option compiler="gcc" />
				<Option parameters="BPPC_1_1_10.txt 3 1000 0 0 53 97 1 20" />
				<Compiler>
					<Add option="-g" />
				</Compiler>
			</Target>
			<Target title="Release">
				<Option output="bin/Release/tcc" prefix_auto="1" extension_auto="1" />
				<Option object_output="obj/Release/" />
				<Option type="1" />
				<Option compiler="gcc" />
				<Compiler>
					<Add option="-O2" />
				</Compiler>
				<Linker>
					<Add option="-s" />
				</Linker>
			</Target>
		</Build>
		<Compiler>
			<Add option="-Wall" />
			<Add option="-fexceptions" />
		</Compiler>
		<Unit filename="cod_ILS.cpp" />
		<Unit filename="cod_LAHC.cpp" />
		<Unit filename="cod_bins.cpp" />
		<Unit filename="cod_buscalocal.cpp" />
		<Unit filename="cod_delta_mov.cpp" />
		<Unit filename="cod_file.cpp" />
		<Unit filename="cod_matrix.cpp" />
		<Unit filename="cod_mov_buscalocal.cpp" />
		<Unit filename="cod_pertubacao.cpp" />
		<Unit filename="cod_phi.cpp" />
		<Unit filename="cod_solucaoInicial.cpp" />
		<Unit filename="head_ILS.h" />
		<Unit filename="head_LAHC.h" />
		<Unit filename="head_bins.h" />
		<Unit filename="head_buscalocal.h" />
		<Unit filename="head_delta_mov.h" />
		<Unit filename="head_file.h" />
		<Unit filename="head_matrix.h" />
		<Unit filename="head_mov_buscalocal.h" />
		<Unit filename="head_pertubacao.h" />
		<Unit filename="head_phi.h" />
		<Unit filename="head_solucaoInicial.h" />
		<Unit filename="head_struct.h" />
		<Unit filename="main.cpp" />
		<Extensions>
			<lib_finder disable_auto="1" />
		</Extensions>
	</Project>
</CodeBlocks_project_file>
